// !$*UTF8*$!
{
	archiveVersion = 1;
	classes = {
	};
	objectVersion = 56;
	objects = {

/* Begin PBXBuildFile section */
		3B2851262B0AF3E100C7D693 /* ProfileIconPicker.swift in Sources */ = {isa = PBXBuildFile; fileRef = 3B2851252B0AF3E100C7D693 /* ProfileIconPicker.swift */; };
		3B472AED2B0C1B5100A47940 /* Karla-ExtraBold.ttf in Resources */ = {isa = PBXBuildFile; fileRef = 3B472AEC2B0C1B5100A47940 /* Karla-ExtraBold.ttf */; };
		3B4BD7492B08181400C4A009 /* Karla-Regular.ttf in Resources */ = {isa = PBXBuildFile; fileRef = 3B4BD7482B08181400C4A009 /* Karla-Regular.ttf */; };
		3B4BD74B2B08182700C4A009 /* Karla-VariableFont_wght.ttf in Resources */ = {isa = PBXBuildFile; fileRef = 3B4BD74A2B08182700C4A009 /* Karla-VariableFont_wght.ttf */; };
		3B54643D2B067260005C5589 /* MenuItemDetailView.swift in Sources */ = {isa = PBXBuildFile; fileRef = 3B54643C2B067260005C5589 /* MenuItemDetailView.swift */; };
		3B5464412B06C519005C5589 /* Hero.swift in Sources */ = {isa = PBXBuildFile; fileRef = 3B5464402B06C519005C5589 /* Hero.swift */; };
		3B5464492B06CF8E005C5589 /* MarkaziText-Medium.ttf in Resources */ = {isa = PBXBuildFile; fileRef = 3B5464452B06CF8D005C5589 /* MarkaziText-Medium.ttf */; };
		3B54644A2B06CF8E005C5589 /* MarkaziText-Bold.ttf in Resources */ = {isa = PBXBuildFile; fileRef = 3B5464462B06CF8D005C5589 /* MarkaziText-Bold.ttf */; };
		3B54644B2B06CF8E005C5589 /* MarkaziText-Regular.ttf in Resources */ = {isa = PBXBuildFile; fileRef = 3B5464472B06CF8D005C5589 /* MarkaziText-Regular.ttf */; };
		3B54644C2B06CF8E005C5589 /* MarkaziText-SemiBold.ttf in Resources */ = {isa = PBXBuildFile; fileRef = 3B5464482B06CF8D005C5589 /* MarkaziText-SemiBold.ttf */; };
		3B5464522B07B47F005C5589 /* MarkaziText-VariableFont_wght.ttf in Resources */ = {isa = PBXBuildFile; fileRef = 3B5464502B07B2D1005C5589 /* MarkaziText-VariableFont_wght.ttf */; };
		3B58EE692B0CFEC600D4F4E3 /* Font+Helper.swift in Sources */ = {isa = PBXBuildFile; fileRef = 3B58EE682B0CFEC600D4F4E3 /* Font+Helper.swift */; };
		3B58EE6B2B0CFF4E00D4F4E3 /* ButtonStyle+Helper.swift in Sources */ = {isa = PBXBuildFile; fileRef = 3B58EE6A2B0CFF4E00D4F4E3 /* ButtonStyle+Helper.swift */; };
		3B58EE6D2B0D06BE00D4F4E3 /* FormField+Helper.swift in Sources */ = {isa = PBXBuildFile; fileRef = 3B58EE6C2B0D06BE00D4F4E3 /* FormField+Helper.swift */; };
		3B58EE6F2B0D094C00D4F4E3 /* LargeProfileIcon.swift in Sources */ = {isa = PBXBuildFile; fileRef = 3B58EE6E2B0D094C00D4F4E3 /* LargeProfileIcon.swift */; };
		3B58EE712B0D16C100D4F4E3 /* ProfileImageEditor.swift in Sources */ = {isa = PBXBuildFile; fileRef = 3B58EE702B0D16C100D4F4E3 /* ProfileImageEditor.swift */; };
		3B58EE772B0D351400D4F4E3 /* NavigationLogo.swift in Sources */ = {isa = PBXBuildFile; fileRef = 3B58EE762B0D351400D4F4E3 /* NavigationLogo.swift */; };
		3BA1F9E12B058D1900E78787 /* Onboarding.swift in Sources */ = {isa = PBXBuildFile; fileRef = 3BA1F9E02B058D1900E78787 /* Onboarding.swift */; };
		3BA1F9E32B058EFD00E78787 /* Home.swift in Sources */ = {isa = PBXBuildFile; fileRef = 3BA1F9E22B058EFC00E78787 /* Home.swift */; };
		3BA1F9E52B058F1800E78787 /* Menu.swift in Sources */ = {isa = PBXBuildFile; fileRef = 3BA1F9E42B058F1800E78787 /* Menu.swift */; };
		3BA1F9E72B05905D00E78787 /* UserProfile.swift in Sources */ = {isa = PBXBuildFile; fileRef = 3BA1F9E62B05905D00E78787 /* UserProfile.swift */; };
		3BA1F9E92B0653CF00E78787 /* FetchedObjects.swift in Sources */ = {isa = PBXBuildFile; fileRef = 3BA1F9E82B0653CF00E78787 /* FetchedObjects.swift */; };
		3BA1F9EB2B0654B300E78787 /* Persistence.swift in Sources */ = {isa = PBXBuildFile; fileRef = 3BA1F9EA2B0654B300E78787 /* Persistence.swift */; };
		3BA1F9ED2B0658AD00E78787 /* MenuList.swift in Sources */ = {isa = PBXBuildFile; fileRef = 3BA1F9EC2B0658AD00E78787 /* MenuList.swift */; };
		3BA1F9EF2B0658B800E78787 /* MenuItem.swift in Sources */ = {isa = PBXBuildFile; fileRef = 3BA1F9EE2B0658B800E78787 /* MenuItem.swift */; };
		3BA1F9F22B065E3500E78787 /* ExampleDatabase.xcdatamodeld in Sources */ = {isa = PBXBuildFile; fileRef = 3BA1F9F02B065E3500E78787 /* ExampleDatabase.xcdatamodeld */; };
		3BD763922B058AB2002689CE /* Little_LemonApp.swift in Sources */ = {isa = PBXBuildFile; fileRef = 3BD763912B058AB2002689CE /* Little_LemonApp.swift */; };
		3BD763962B058AB3002689CE /* Assets.xcassets in Resources */ = {isa = PBXBuildFile; fileRef = 3BD763952B058AB3002689CE /* Assets.xcassets */; };
		3BD763992B058AB3002689CE /* Preview Assets.xcassets in Resources */ = {isa = PBXBuildFile; fileRef = 3BD763982B058AB3002689CE /* Preview Assets.xcassets */; };
		3BFB403E2B082DDD0098BB58 /* MenuSections.swift in Sources */ = {isa = PBXBuildFile; fileRef = 3BFB403D2B082DDD0098BB58 /* MenuSections.swift */; };
		3BFB40402B084A100098BB58 /* MenuButton.swift in Sources */ = {isa = PBXBuildFile; fileRef = 3BFB403F2B084A100098BB58 /* MenuButton.swift */; };
/* End PBXBuildFile section */

/* Begin PBXFileReference section */
		3B2851252B0AF3E100C7D693 /* ProfileIconPicker.swift */ = {isa = PBXFileReference; lastKnownFileType = sourcecode.swift; path = ProfileIconPicker.swift; sourceTree = "<group>"; };
		3B472AEC2B0C1B5100A47940 /* Karla-ExtraBold.ttf */ = {isa = PBXFileReference; lastKnownFileType = file; path = "Karla-ExtraBold.ttf"; sourceTree = "<group>"; };
		3B4BD7482B08181400C4A009 /* Karla-Regular.ttf */ = {isa = PBXFileReference; lastKnownFileType = file; path = "Karla-Regular.ttf"; sourceTree = "<group>"; };
		3B4BD74A2B08182700C4A009 /* Karla-VariableFont_wght.ttf */ = {isa = PBXFileReference; lastKnownFileType = file; path = "Karla-VariableFont_wght.ttf"; sourceTree = "<group>"; };
		3B54643C2B067260005C5589 /* MenuItemDetailView.swift */ = {isa = PBXFileReference; lastKnownFileType = sourcecode.swift; path = MenuItemDetailView.swift; sourceTree = "<group>"; };
		3B5464402B06C519005C5589 /* Hero.swift */ = {isa = PBXFileReference; lastKnownFileType = sourcecode.swift; path = Hero.swift; sourceTree = "<group>"; };
		3B5464452B06CF8D005C5589 /* MarkaziText-Medium.ttf */ = {isa = PBXFileReference; lastKnownFileType = file; path = "MarkaziText-Medium.ttf"; sourceTree = "<group>"; };
		3B5464462B06CF8D005C5589 /* MarkaziText-Bold.ttf */ = {isa = PBXFileReference; lastKnownFileType = file; path = "MarkaziText-Bold.ttf"; sourceTree = "<group>"; };
		3B5464472B06CF8D005C5589 /* MarkaziText-Regular.ttf */ = {isa = PBXFileReference; lastKnownFileType = file; path = "MarkaziText-Regular.ttf"; sourceTree = "<group>"; };
		3B5464482B06CF8D005C5589 /* MarkaziText-SemiBold.ttf */ = {isa = PBXFileReference; lastKnownFileType = file; path = "MarkaziText-SemiBold.ttf"; sourceTree = "<group>"; };
		3B5464502B07B2D1005C5589 /* MarkaziText-VariableFont_wght.ttf */ = {isa = PBXFileReference; lastKnownFileType = file; path = "MarkaziText-VariableFont_wght.ttf"; sourceTree = "<group>"; };
		3B58EE682B0CFEC600D4F4E3 /* Font+Helper.swift */ = {isa = PBXFileReference; lastKnownFileType = sourcecode.swift; path = "Font+Helper.swift"; sourceTree = "<group>"; };
		3B58EE6A2B0CFF4E00D4F4E3 /* ButtonStyle+Helper.swift */ = {isa = PBXFileReference; lastKnownFileType = sourcecode.swift; path = "ButtonStyle+Helper.swift"; sourceTree = "<group>"; };
		3B58EE6C2B0D06BE00D4F4E3 /* FormField+Helper.swift */ = {isa = PBXFileReference; lastKnownFileType = sourcecode.swift; path = "FormField+Helper.swift"; sourceTree = "<group>"; };
		3B58EE6E2B0D094C00D4F4E3 /* LargeProfileIcon.swift */ = {isa = PBXFileReference; lastKnownFileType = sourcecode.swift; path = LargeProfileIcon.swift; sourceTree = "<group>"; };
		3B58EE702B0D16C100D4F4E3 /* ProfileImageEditor.swift */ = {isa = PBXFileReference; lastKnownFileType = sourcecode.swift; path = ProfileImageEditor.swift; sourceTree = "<group>"; };
		3B58EE762B0D351400D4F4E3 /* NavigationLogo.swift */ = {isa = PBXFileReference; lastKnownFileType = sourcecode.swift; path = NavigationLogo.swift; sourceTree = "<group>"; };
		3BA1F9E02B058D1900E78787 /* Onboarding.swift */ = {isa = PBXFileReference; lastKnownFileType = sourcecode.swift; path = Onboarding.swift; sourceTree = "<group>"; };
		3BA1F9E22B058EFC00E78787 /* Home.swift */ = {isa = PBXFileReference; lastKnownFileType = sourcecode.swift; path = Home.swift; sourceTree = "<group>"; };
		3BA1F9E42B058F1800E78787 /* Menu.swift */ = {isa = PBXFileReference; lastKnownFileType = sourcecode.swift; path = Menu.swift; sourceTree = "<group>"; };
		3BA1F9E62B05905D00E78787 /* UserProfile.swift */ = {isa = PBXFileReference; lastKnownFileType = sourcecode.swift; path = UserProfile.swift; sourceTree = "<group>"; };
		3BA1F9E82B0653CF00E78787 /* FetchedObjects.swift */ = {isa = PBXFileReference; fileEncoding = 4; lastKnownFileType = sourcecode.swift; path = FetchedObjects.swift; sourceTree = "<group>"; };
		3BA1F9EA2B0654B300E78787 /* Persistence.swift */ = {isa = PBXFileReference; fileEncoding = 4; lastKnownFileType = sourcecode.swift; path = Persistence.swift; sourceTree = "<group>"; };
		3BA1F9EC2B0658AD00E78787 /* MenuList.swift */ = {isa = PBXFileReference; lastKnownFileType = sourcecode.swift; path = MenuList.swift; sourceTree = "<group>"; };
		3BA1F9EE2B0658B800E78787 /* MenuItem.swift */ = {isa = PBXFileReference; lastKnownFileType = sourcecode.swift; path = MenuItem.swift; sourceTree = "<group>"; };
		3BA1F9F12B065E3500E78787 /* ExampleDatabase.xcdatamodel */ = {isa = PBXFileReference; lastKnownFileType = wrapper.xcdatamodel; path = ExampleDatabase.xcdatamodel; sourceTree = "<group>"; };
		3BD7638E2B058AB2002689CE /* Little Lemon.app */ = {isa = PBXFileReference; explicitFileType = wrapper.application; includeInIndex = 0; path = "Little Lemon.app"; sourceTree = BUILT_PRODUCTS_DIR; };
		3BD763912B058AB2002689CE /* Little_LemonApp.swift */ = {isa = PBXFileReference; lastKnownFileType = sourcecode.swift; path = Little_LemonApp.swift; sourceTree = "<group>"; };
		3BD763952B058AB3002689CE /* Assets.xcassets */ = {isa = PBXFileReference; lastKnownFileType = folder.assetcatalog; path = Assets.xcassets; sourceTree = "<group>"; };
		3BD763982B058AB3002689CE /* Preview Assets.xcassets */ = {isa = PBXFileReference; lastKnownFileType = folder.assetcatalog; path = "Preview Assets.xcassets"; sourceTree = "<group>"; };
		3BFB403D2B082DDD0098BB58 /* MenuSections.swift */ = {isa = PBXFileReference; lastKnownFileType = sourcecode.swift; path = MenuSections.swift; sourceTree = "<group>"; };
		3BFB403F2B084A100098BB58 /* MenuButton.swift */ = {isa = PBXFileReference; lastKnownFileType = sourcecode.swift; path = MenuButton.swift; sourceTree = "<group>"; };
/* End PBXFileReference section */

/* Begin PBXFrameworksBuildPhase section */
		3BD7638B2B058AB2002689CE /* Frameworks */ = {
			isa = PBXFrameworksBuildPhase;
			buildActionMask = 2147483647;
			files = (
			);
			runOnlyForDeploymentPostprocessing = 0;
		};
/* End PBXFrameworksBuildPhase section */

/* Begin PBXGroup section */
		3B4BD7472B0817E600C4A009 /* Fonts */ = {
			isa = PBXGroup;
			children = (
				3B4BD7482B08181400C4A009 /* Karla-Regular.ttf */,
				3B472AEC2B0C1B5100A47940 /* Karla-ExtraBold.ttf */,
				3B4BD74A2B08182700C4A009 /* Karla-VariableFont_wght.ttf */,
				3B5464502B07B2D1005C5589 /* MarkaziText-VariableFont_wght.ttf */,
				3B5464462B06CF8D005C5589 /* MarkaziText-Bold.ttf */,
				3B5464452B06CF8D005C5589 /* MarkaziText-Medium.ttf */,
				3B5464472B06CF8D005C5589 /* MarkaziText-Regular.ttf */,
				3B5464482B06CF8D005C5589 /* MarkaziText-SemiBold.ttf */,
			);
			path = Fonts;
			sourceTree = "<group>";
		};
		3B54643E2B06A80F005C5589 /* Views */ = {
			isa = PBXGroup;
			children = (
				3B2851252B0AF3E100C7D693 /* ProfileIconPicker.swift */,
				3BFB403F2B084A100098BB58 /* MenuButton.swift */,
				3BFB403D2B082DDD0098BB58 /* MenuSections.swift */,
				3BA1F9E02B058D1900E78787 /* Onboarding.swift */,
				3B58EE762B0D351400D4F4E3 /* NavigationLogo.swift */,
				3BA1F9E62B05905D00E78787 /* UserProfile.swift */,
				3B58EE6E2B0D094C00D4F4E3 /* LargeProfileIcon.swift */,
				3BA1F9E22B058EFC00E78787 /* Home.swift */,
				3BA1F9E42B058F1800E78787 /* Menu.swift */,
				3B5464402B06C519005C5589 /* Hero.swift */,
				3B58EE702B0D16C100D4F4E3 /* ProfileImageEditor.swift */,
				3B54643C2B067260005C5589 /* MenuItemDetailView.swift */,
			);
			path = Views;
			sourceTree = "<group>";
		};
		3B54643F2B06A83A005C5589 /* Core Data */ = {
			isa = PBXGroup;
			children = (
				3BA1F9F02B065E3500E78787 /* ExampleDatabase.xcdatamodeld */,
				3BA1F9EA2B0654B300E78787 /* Persistence.swift */,
				3BA1F9E82B0653CF00E78787 /* FetchedObjects.swift */,
				3BA1F9EC2B0658AD00E78787 /* MenuList.swift */,
				3BA1F9EE2B0658B800E78787 /* MenuItem.swift */,
			);
			path = "Core Data";
			sourceTree = "<group>";
		};
		3B58EE652B0CFE7400D4F4E3 /* Helpers */ = {
			isa = PBXGroup;
			children = (
				3B58EE682B0CFEC600D4F4E3 /* Font+Helper.swift */,
				3B58EE6A2B0CFF4E00D4F4E3 /* ButtonStyle+Helper.swift */,
				3B58EE6C2B0D06BE00D4F4E3 /* FormField+Helper.swift */,
			);
			path = Helpers;
			sourceTree = "<group>";
		};
		3BD763852B058AB2002689CE = {
			isa = PBXGroup;
			children = (
				3BD763902B058AB2002689CE /* Little Lemon */,
				3BD7638F2B058AB2002689CE /* Products */,
			);
			sourceTree = "<group>";
		};
		3BD7638F2B058AB2002689CE /* Products */ = {
			isa = PBXGroup;
			children = (
				3BD7638E2B058AB2002689CE /* Little Lemon.app */,
			);
			name = Products;
			sourceTree = "<group>";
		};
		3BD763902B058AB2002689CE /* Little Lemon */ = {
			isa = PBXGroup;
			children = (
				3BD763912B058AB2002689CE /* Little_LemonApp.swift */,
				3B4BD7472B0817E600C4A009 /* Fonts */,
				3B54643E2B06A80F005C5589 /* Views */,
				3B54643F2B06A83A005C5589 /* Core Data */,
				3B58EE652B0CFE7400D4F4E3 /* Helpers */,
				3BD763952B058AB3002689CE /* Assets.xcassets */,
				3BD763972B058AB3002689CE /* Preview Content */,
			);
			path = "Little Lemon";
			sourceTree = "<group>";
		};
		3BD763972B058AB3002689CE /* Preview Content */ = {
			isa = PBXGroup;
			children = (
				3BD763982B058AB3002689CE /* Preview Assets.xcassets */,
			);
			path = "Preview Content";
			sourceTree = "<group>";
		};
/* End PBXGroup section */

/* Begin PBXNativeTarget section */
		3BD7638D2B058AB2002689CE /* Little Lemon */ = {
			isa = PBXNativeTarget;
			buildConfigurationList = 3BD7639C2B058AB3002689CE /* Build configuration list for PBXNativeTarget "Little Lemon" */;
			buildPhases = (
				3BD7638A2B058AB2002689CE /* Sources */,
				3BD7638B2B058AB2002689CE /* Frameworks */,
				3BD7638C2B058AB2002689CE /* Resources */,
			);
			buildRules = (
			);
			dependencies = (
			);
			name = "Little Lemon";
			productName = "Little Lemon";
			productReference = 3BD7638E2B058AB2002689CE /* Little Lemon.app */;
			productType = "com.apple.product-type.application";
		};
/* End PBXNativeTarget section */

/* Begin PBXProject section */
		3BD763862B058AB2002689CE /* Project object */ = {
			isa = PBXProject;
			attributes = {
				BuildIndependentTargetsInParallel = 1;
				LastSwiftUpdateCheck = 1500;
				LastUpgradeCheck = 1500;
				TargetAttributes = {
					3BD7638D2B058AB2002689CE = {
						CreatedOnToolsVersion = 15.0.1;
					};
				};
			};
			buildConfigurationList = 3BD763892B058AB2002689CE /* Build configuration list for PBXProject "Little Lemon" */;
			compatibilityVersion = "Xcode 14.0";
			developmentRegion = en;
			hasScannedForEncodings = 0;
			knownRegions = (
				en,
				Base,
			);
			mainGroup = 3BD763852B058AB2002689CE;
			productRefGroup = 3BD7638F2B058AB2002689CE /* Products */;
			projectDirPath = "";
			projectRoot = "";
			targets = (
				3BD7638D2B058AB2002689CE /* Little Lemon */,
			);
		};
/* End PBXProject section */

/* Begin PBXResourcesBuildPhase section */
		3BD7638C2B058AB2002689CE /* Resources */ = {
			isa = PBXResourcesBuildPhase;
			buildActionMask = 2147483647;
			files = (
				3B5464492B06CF8E005C5589 /* MarkaziText-Medium.ttf in Resources */,
				3B5464522B07B47F005C5589 /* MarkaziText-VariableFont_wght.ttf in Resources */,
				3BD763992B058AB3002689CE /* Preview Assets.xcassets in Resources */,
				3B54644A2B06CF8E005C5589 /* MarkaziText-Bold.ttf in Resources */,
				3B472AED2B0C1B5100A47940 /* Karla-ExtraBold.ttf in Resources */,
				3B54644B2B06CF8E005C5589 /* MarkaziText-Regular.ttf in Resources */,
				3BD763962B058AB3002689CE /* Assets.xcassets in Resources */,
				3B4BD74B2B08182700C4A009 /* Karla-VariableFont_wght.ttf in Resources */,
				3B54644C2B06CF8E005C5589 /* MarkaziText-SemiBold.ttf in Resources */,
				3B4BD7492B08181400C4A009 /* Karla-Regular.ttf in Resources */,
			);
			runOnlyForDeploymentPostprocessing = 0;
		};
/* End PBXResourcesBuildPhase section */

/* Begin PBXSourcesBuildPhase section */
		3BD7638A2B058AB2002689CE /* Sources */ = {
			isa = PBXSourcesBuildPhase;
			buildActionMask = 2147483647;
			files = (
				3BA1F9E12B058D1900E78787 /* Onboarding.swift in Sources */,
				3B58EE712B0D16C100D4F4E3 /* ProfileImageEditor.swift in Sources */,
				3BA1F9E32B058EFD00E78787 /* Home.swift in Sources */,
				3BFB40402B084A100098BB58 /* MenuButton.swift in Sources */,
				3BA1F9ED2B0658AD00E78787 /* MenuList.swift in Sources */,
				3BA1F9E92B0653CF00E78787 /* FetchedObjects.swift in Sources */,
				3BA1F9EB2B0654B300E78787 /* Persistence.swift in Sources */,
				3BFB403E2B082DDD0098BB58 /* MenuSections.swift in Sources */,
				3BA1F9F22B065E3500E78787 /* ExampleDatabase.xcdatamodeld in Sources */,
				3BA1F9E72B05905D00E78787 /* UserProfile.swift in Sources */,
				3B58EE6B2B0CFF4E00D4F4E3 /* ButtonStyle+Helper.swift in Sources */,
				3B58EE772B0D351400D4F4E3 /* NavigationLogo.swift in Sources */,
				3B58EE6D2B0D06BE00D4F4E3 /* FormField+Helper.swift in Sources */,
				3B54643D2B067260005C5589 /* MenuItemDetailView.swift in Sources */,
				3BA1F9EF2B0658B800E78787 /* MenuItem.swift in Sources */,
				3B58EE6F2B0D094C00D4F4E3 /* LargeProfileIcon.swift in Sources */,
				3BA1F9E52B058F1800E78787 /* Menu.swift in Sources */,
				3B2851262B0AF3E100C7D693 /* ProfileIconPicker.swift in Sources */,
				3BD763922B058AB2002689CE /* Little_LemonApp.swift in Sources */,
				3B58EE692B0CFEC600D4F4E3 /* Font+Helper.swift in Sources */,
				3B5464412B06C519005C5589 /* Hero.swift in Sources */,
			);
			runOnlyForDeploymentPostprocessing = 0;
		};
/* End PBXSourcesBuildPhase section */

/* Begin XCBuildConfiguration section */
		3BD7639A2B058AB3002689CE /* Debug */ = {
			isa = XCBuildConfiguration;
			buildSettings = {
				ALWAYS_SEARCH_USER_PATHS = NO;
				ASSETCATALOG_COMPILER_GENERATE_SWIFT_ASSET_SYMBOL_EXTENSIONS = YES;
				CLANG_ANALYZER_NONNULL = YES;
				CLANG_ANALYZER_NUMBER_OBJECT_CONVERSION = YES_AGGRESSIVE;
				CLANG_CXX_LANGUAGE_STANDARD = "gnu++20";
				CLANG_ENABLE_MODULES = YES;
				CLANG_ENABLE_OBJC_ARC = YES;
				CLANG_ENABLE_OBJC_WEAK = YES;
				CLANG_WARN_BLOCK_CAPTURE_AUTORELEASING = YES;
				CLANG_WARN_BOOL_CONVERSION = YES;
				CLANG_WARN_COMMA = YES;
				CLANG_WARN_CONSTANT_CONVERSION = YES;
				CLANG_WARN_DEPRECATED_OBJC_IMPLEMENTATIONS = YES;
				CLANG_WARN_DIRECT_OBJC_ISA_USAGE = YES_ERROR;
				CLANG_WARN_DOCUMENTATION_COMMENTS = YES;
				CLANG_WARN_EMPTY_BODY = YES;
				CLANG_WARN_ENUM_CONVERSION = YES;
				CLANG_WARN_INFINITE_RECURSION = YES;
				CLANG_WARN_INT_CONVERSION = YES;
				CLANG_WARN_NON_LITERAL_NULL_CONVERSION = YES;
				CLANG_WARN_OBJC_IMPLICIT_RETAIN_SELF = YES;
				CLANG_WARN_OBJC_LITERAL_CONVERSION = YES;
				CLANG_WARN_OBJC_ROOT_CLASS = YES_ERROR;
				CLANG_WARN_QUOTED_INCLUDE_IN_FRAMEWORK_HEADER = YES;
				CLANG_WARN_RANGE_LOOP_ANALYSIS = YES;
				CLANG_WARN_STRICT_PROTOTYPES = YES;
				CLANG_WARN_SUSPICIOUS_MOVE = YES;
				CLANG_WARN_UNGUARDED_AVAILABILITY = YES_AGGRESSIVE;
				CLANG_WARN_UNREACHABLE_CODE = YES;
				CLANG_WARN__DUPLICATE_METHOD_MATCH = YES;
				COPY_PHASE_STRIP = NO;
				DEBUG_INFORMATION_FORMAT = dwarf;
				ENABLE_STRICT_OBJC_MSGSEND = YES;
				ENABLE_TESTABILITY = YES;
				ENABLE_USER_SCRIPT_SANDBOXING = YES;
				GCC_C_LANGUAGE_STANDARD = gnu17;
				GCC_DYNAMIC_NO_PIC = NO;
				GCC_NO_COMMON_BLOCKS = YES;
				GCC_OPTIMIZATION_LEVEL = 0;
				GCC_PREPROCESSOR_DEFINITIONS = (
					"DEBUG=1",
					"$(inherited)",
				);
				GCC_WARN_64_TO_32_BIT_CONVERSION = YES;
				GCC_WARN_ABOUT_RETURN_TYPE = YES_ERROR;
				GCC_WARN_UNDECLARED_SELECTOR = YES;
				GCC_WARN_UNINITIALIZED_AUTOS = YES_AGGRESSIVE;
				GCC_WARN_UNUSED_FUNCTION = YES;
				GCC_WARN_UNUSED_VARIABLE = YES;
				IPHONEOS_DEPLOYMENT_TARGET = 16.0;
				LOCALIZATION_PREFERS_STRING_CATALOGS = YES;
				MTL_ENABLE_DEBUG_INFO = INCLUDE_SOURCE;
				MTL_FAST_MATH = YES;
				ONLY_ACTIVE_ARCH = YES;
				SDKROOT = iphoneos;
				SWIFT_ACTIVE_COMPILATION_CONDITIONS = "DEBUG $(inherited)";
				SWIFT_OPTIMIZATION_LEVEL = "-Onone";
			};
			name = Debug;
		};
		3BD7639B2B058AB3002689CE /* Release */ = {
			isa = XCBuildConfiguration;
			buildSettings = {
				ALWAYS_SEARCH_USER_PATHS = NO;
				ASSETCATALOG_COMPILER_GENERATE_SWIFT_ASSET_SYMBOL_EXTENSIONS = YES;
				CLANG_ANALYZER_NONNULL = YES;
				CLANG_ANALYZER_NUMBER_OBJECT_CONVERSION = YES_AGGRESSIVE;
				CLANG_CXX_LANGUAGE_STANDARD = "gnu++20";
				CLANG_ENABLE_MODULES = YES;
				CLANG_ENABLE_OBJC_ARC = YES;
				CLANG_ENABLE_OBJC_WEAK = YES;
				CLANG_WARN_BLOCK_CAPTURE_AUTORELEASING = YES;
				CLANG_WARN_BOOL_CONVERSION = YES;
				CLANG_WARN_COMMA = YES;
				CLANG_WARN_CONSTANT_CONVERSION = YES;
				CLANG_WARN_DEPRECATED_OBJC_IMPLEMENTATIONS = YES;
				CLANG_WARN_DIRECT_OBJC_ISA_USAGE = YES_ERROR;
				CLANG_WARN_DOCUMENTATION_COMMENTS = YES;
				CLANG_WARN_EMPTY_BODY = YES;
				CLANG_WARN_ENUM_CONVERSION = YES;
				CLANG_WARN_INFINITE_RECURSION = YES;
				CLANG_WARN_INT_CONVERSION = YES;
				CLANG_WARN_NON_LITERAL_NULL_CONVERSION = YES;
				CLANG_WARN_OBJC_IMPLICIT_RETAIN_SELF = YES;
				CLANG_WARN_OBJC_LITERAL_CONVERSION = YES;
				CLANG_WARN_OBJC_ROOT_CLASS = YES_ERROR;
				CLANG_WARN_QUOTED_INCLUDE_IN_FRAMEWORK_HEADER = YES;
				CLANG_WARN_RANGE_LOOP_ANALYSIS = YES;
				CLANG_WARN_STRICT_PROTOTYPES = YES;
				CLANG_WARN_SUSPICIOUS_MOVE = YES;
				CLANG_WARN_UNGUARDED_AVAILABILITY = YES_AGGRESSIVE;
				CLANG_WARN_UNREACHABLE_CODE = YES;
				CLANG_WARN__DUPLICATE_METHOD_MATCH = YES;
				COPY_PHASE_STRIP = NO;
				DEBUG_INFORMATION_FORMAT = "dwarf-with-dsym";
				ENABLE_NS_ASSERTIONS = NO;
				ENABLE_STRICT_OBJC_MSGSEND = YES;
				ENABLE_USER_SCRIPT_SANDBOXING = YES;
				GCC_C_LANGUAGE_STANDARD = gnu17;
				GCC_NO_COMMON_BLOCKS = YES;
				GCC_WARN_64_TO_32_BIT_CONVERSION = YES;
				GCC_WARN_ABOUT_RETURN_TYPE = YES_ERROR;
				GCC_WARN_UNDECLARED_SELECTOR = YES;
				GCC_WARN_UNINITIALIZED_AUTOS = YES_AGGRESSIVE;
				GCC_WARN_UNUSED_FUNCTION = YES;
				GCC_WARN_UNUSED_VARIABLE = YES;
				IPHONEOS_DEPLOYMENT_TARGET = 16.0;
				LOCALIZATION_PREFERS_STRING_CATALOGS = YES;
				MTL_ENABLE_DEBUG_INFO = NO;
				MTL_FAST_MATH = YES;
				SDKROOT = iphoneos;
				SWIFT_COMPILATION_MODE = wholemodule;
				VALIDATE_PRODUCT = YES;
			};
			name = Release;
		};
		3BD7639D2B058AB3002689CE /* Debug */ = {
			isa = XCBuildConfiguration;
			buildSettings = {
				ASSETCATALOG_COMPILER_APPICON_NAME = AppIcon;
				ASSETCATALOG_COMPILER_GLOBAL_ACCENT_COLOR_NAME = AccentColor;
				CODE_SIGN_STYLE = Automatic;
				CURRENT_PROJECT_VERSION = 1;
				DEVELOPMENT_ASSET_PATHS = "\"Little Lemon/Preview Content\"";
				DEVELOPMENT_TEAM = 2HG3CA7G8J;
				ENABLE_PREVIEWS = YES;
				GENERATE_INFOPLIST_FILE = YES;
				INFOPLIST_FILE = "Little-Lemon-Info.plist";
				INFOPLIST_KEY_UIApplicationSceneManifest_Generation = YES;
				INFOPLIST_KEY_UIApplicationSupportsIndirectInputEvents = YES;
				INFOPLIST_KEY_UILaunchScreen_Generation = YES;
				INFOPLIST_KEY_UISupportedInterfaceOrientations_iPad = "UIInterfaceOrientationPortrait UIInterfaceOrientationPortraitUpsideDown UIInterfaceOrientationLandscapeLeft UIInterfaceOrientationLandscapeRight";
				INFOPLIST_KEY_UISupportedInterfaceOrientations_iPhone = "UIInterfaceOrientationPortrait UIInterfaceOrientationLandscapeLeft UIInterfaceOrientationLandscapeRight";
				LD_RUNPATH_SEARCH_PATHS = (
					"$(inherited)",
					"@executable_path/Frameworks",
				);
				MARKETING_VERSION = 1.0;
				PRODUCT_BUNDLE_IDENTIFIER = "com.JavierBrito.Little-Lemon";
				PRODUCT_NAME = "$(TARGET_NAME)";
				SWIFT_EMIT_LOC_STRINGS = YES;
				SWIFT_VERSION = 5.0;
				TARGETED_DEVICE_FAMILY = "1,2";
			};
			name = Debug;
		};
		3BD7639E2B058AB3002689CE /* Release */ = {
			isa = XCBuildConfiguration;
			buildSettings = {
				ASSETCATALOG_COMPILER_APPICON_NAME = AppIcon;
				ASSETCATALOG_COMPILER_GLOBAL_ACCENT_COLOR_NAME = AccentColor;
				CODE_SIGN_STYLE = Automatic;
				CURRENT_PROJECT_VERSION = 1;
				DEVELOPMENT_ASSET_PATHS = "\"Little Lemon/Preview Content\"";
				DEVELOPMENT_TEAM = 2HG3CA7G8J;
				ENABLE_PREVIEWS = YES;
				GENERATE_INFOPLIST_FILE = YES;
				INFOPLIST_FILE = "Little-Lemon-Info.plist";
				INFOPLIST_KEY_UIApplicationSceneManifest_Generation = YES;
				INFOPLIST_KEY_UIApplicationSupportsIndirectInputEvents = YES;
				INFOPLIST_KEY_UILaunchScreen_Generation = YES;
				INFOPLIST_KEY_UISupportedInterfaceOrientations_iPad = "UIInterfaceOrientationPortrait UIInterfaceOrientationPortraitUpsideDown UIInterfaceOrientationLandscapeLeft UIInterfaceOrientationLandscapeRight";
				INFOPLIST_KEY_UISupportedInterfaceOrientations_iPhone = "UIInterfaceOrientationPortrait UIInterfaceOrientationLandscapeLeft UIInterfaceOrientationLandscapeRight";
				LD_RUNPATH_SEARCH_PATHS = (
					"$(inherited)",
					"@executable_path/Frameworks",
				);
				MARKETING_VERSION = 1.0;
				PRODUCT_BUNDLE_IDENTIFIER = "com.JavierBrito.Little-Lemon";
				PRODUCT_NAME = "$(TARGET_NAME)";
				SWIFT_EMIT_LOC_STRINGS = YES;
				SWIFT_VERSION = 5.0;
				TARGETED_DEVICE_FAMILY = "1,2";
			};
			name = Release;
		};
/* End XCBuildConfiguration section */

/* Begin XCConfigurationList section */
		3BD763892B058AB2002689CE /* Build configuration list for PBXProject "Little Lemon" */ = {
			isa = XCConfigurationList;
			buildConfigurations = (
				3BD7639A2B058AB3002689CE /* Debug */,
				3BD7639B2B058AB3002689CE /* Release */,
			);
			defaultConfigurationIsVisible = 0;
			defaultConfigurationName = Release;
		};
		3BD7639C2B058AB3002689CE /* Build configuration list for PBXNativeTarget "Little Lemon" */ = {
			isa = XCConfigurationList;
			buildConfigurations = (
				3BD7639D2B058AB3002689CE /* Debug */,
				3BD7639E2B058AB3002689CE /* Release */,
			);
			defaultConfigurationIsVisible = 0;
			defaultConfigurationName = Release;
		};
/* End XCConfigurationList section */

/* Begin XCVersionGroup section */
		3BA1F9F02B065E3500E78787 /* ExampleDatabase.xcdatamodeld */ = {
			isa = XCVersionGroup;
			children = (
				3BA1F9F12B065E3500E78787 /* ExampleDatabase.xcdatamodel */,
			);
			currentVersion = 3BA1F9F12B065E3500E78787 /* ExampleDatabase.xcdatamodel */;
			path = ExampleDatabase.xcdatamodeld;
			sourceTree = "<group>";
			versionGroupType = wrapper.xcdatamodel;
		};
/* End XCVersionGroup section */
	};
	rootObject = 3BD763862B058AB2002689CE /* Project object */;
}
